
Microsoft Visual Studio Solution File, Format Version 12.00
# Visual Studio Version 17
VisualStudioVersion = 17.13.35931.197 d17.13
MinimumVisualStudioVersion = 10.0.40219.1
Project("{8BC9CEB8-8B4A-11D0-8D11-00A0C91BC942}") = "MemoryHackTemplate", "MemoryHackTemplate\MemoryHackTemplate.vcxproj", "{B7D33BEE-211A-4C62-894D-BD7010D51983}"
EndProject
Global
	GlobalSection(SolutionConfigurationPlatforms) = preSolution
		Debug|x64 = Debug|x64
		Debug|x86 = Debug|x86
		Release|x64 = Release|x64
		Release|x86 = Release|x86
	EndGlobalSection
	GlobalSection(ProjectConfigurationPlatforms) = postSolution
		{B7D33BEE-211A-4C62-894D-BD7010D51983}.Debug|x64.ActiveCfg = Debug|x64
		{B7D33BEE-211A-4C62-894D-BD7010D51983}.Debug|x64.Build.0 = Debug|x64
		{B7D33BEE-211A-4C62-894D-BD7010D51983}.Debug|x86.ActiveCfg = Debug|Win32
		{B7D33BEE-211A-4C62-894D-BD7010D51983}.Debug|x86.Build.0 = Debug|Win32
		{B7D33BEE-211A-4C62-894D-BD7010D51983}.Release|x64.ActiveCfg = Release|x64
		{B7D33BEE-211A-4C62-894D-BD7010D51983}.Release|x64.Build.0 = Release|x64
		{B7D33BEE-211A-4C62-894D-BD7010D51983}.Release|x86.ActiveCfg = Release|Win32
		{B7D33BEE-211A-4C62-894D-BD7010D51983}.Release|x86.Build.0 = Release|Win32
	EndGlobalSection
	GlobalSection(SolutionProperties) = preSolution
		HideSolutionNode = FALSE
	EndGlobalSection
	GlobalSection(ExtensibilityGlobals) = postSolution
		SolutionGuid = {A306EE0A-8449-43AA-B7ED-5387A77CFFBC}
	EndGlobalSection
EndGlobal
